// !$*UTF8*$!
{
	archiveVersion = 1;
	classes = {
	};
	objectVersion = 50;
	objects = {

/* Begin PBXBuildFile section */
		FAD8FA132799B32B00402393 /* AppDelegate.swift in Sources */ = {isa = PBXBuildFile; fileRef = FAD8FA122799B32B00402393 /* AppDelegate.swift */; };
		FAD8FA152799B32B00402393 /* SceneDelegate.swift in Sources */ = {isa = PBXBuildFile; fileRef = FAD8FA142799B32B00402393 /* SceneDelegate.swift */; };
		FAD8FA1A2799B32B00402393 /* Main.storyboard in Resources */ = {isa = PBXBuildFile; fileRef = FAD8FA182799B32B00402393 /* Main.storyboard */; };
		FAD8FA1C2799B33000402393 /* Assets.xcassets in Resources */ = {isa = PBXBuildFile; fileRef = FAD8FA1B2799B33000402393 /* Assets.xcassets */; };
		FAD8FA1F2799B33000402393 /* LaunchScreen.storyboard in Resources */ = {isa = PBXBuildFile; fileRef = FAD8FA1D2799B33000402393 /* LaunchScreen.storyboard */; };
		FADF61F027AA77D1006529B9 /* WeatherViewController.swift in Sources */ = {isa = PBXBuildFile; fileRef = FADF61EF27AA77D1006529B9 /* WeatherViewController.swift */; };
		FADF61FA27AA8059006529B9 /* CollectionViewCell.swift in Sources */ = {isa = PBXBuildFile; fileRef = FADF61F827AA8059006529B9 /* CollectionViewCell.swift */; };
		FADF61FB27AA8059006529B9 /* CollectionViewCell.xib in Resources */ = {isa = PBXBuildFile; fileRef = FADF61F927AA8059006529B9 /* CollectionViewCell.xib */; };
		FADF61FE27AA8071006529B9 /* TableViewCell.swift in Sources */ = {isa = PBXBuildFile; fileRef = FADF61FC27AA8071006529B9 /* TableViewCell.swift */; };
		FADF61FF27AA8071006529B9 /* TableViewCell.xib in Resources */ = {isa = PBXBuildFile; fileRef = FADF61FD27AA8071006529B9 /* TableViewCell.xib */; };
		FADF622D27AABA8A006529B9 /* WeatherData.swift in Sources */ = {isa = PBXBuildFile; fileRef = FADF622C27AABA8A006529B9 /* WeatherData.swift */; };
		FADF622F27AABAB9006529B9 /* WeatherModel.swift in Sources */ = {isa = PBXBuildFile; fileRef = FADF622E27AABAB9006529B9 /* WeatherModel.swift */; };
		FADF623127AABE9E006529B9 /* WeatherInteractor.swift in Sources */ = {isa = PBXBuildFile; fileRef = FADF623027AABE9E006529B9 /* WeatherInteractor.swift */; };
		FADF623327AABEF1006529B9 /* WeatherPresenter.swift in Sources */ = {isa = PBXBuildFile; fileRef = FADF623227AABEF1006529B9 /* WeatherPresenter.swift */; };
		FADF623527AABFA1006529B9 /* WeatherRouter.swift in Sources */ = {isa = PBXBuildFile; fileRef = FADF623427AABFA1006529B9 /* WeatherRouter.swift */; };
/* End PBXBuildFile section */

/* Begin PBXFileReference section */
		FAD8FA0F2799B32B00402393 /* Clima-Viper.app */ = {isa = PBXFileReference; explicitFileType = wrapper.application; includeInIndex = 0; path = "Clima-Viper.app"; sourceTree = BUILT_PRODUCTS_DIR; };
		FAD8FA122799B32B00402393 /* AppDelegate.swift */ = {isa = PBXFileReference; lastKnownFileType = sourcecode.swift; path = AppDelegate.swift; sourceTree = "<group>"; };
		FAD8FA142799B32B00402393 /* SceneDelegate.swift */ = {isa = PBXFileReference; lastKnownFileType = sourcecode.swift; path = SceneDelegate.swift; sourceTree = "<group>"; };
		FAD8FA192799B32B00402393 /* Base */ = {isa = PBXFileReference; lastKnownFileType = file.storyboard; name = Base; path = Base.lproj/Main.storyboard; sourceTree = "<group>"; };
		FAD8FA1B2799B33000402393 /* Assets.xcassets */ = {isa = PBXFileReference; lastKnownFileType = folder.assetcatalog; path = Assets.xcassets; sourceTree = "<group>"; };
		FAD8FA1E2799B33000402393 /* Base */ = {isa = PBXFileReference; lastKnownFileType = file.storyboard; name = Base; path = Base.lproj/LaunchScreen.storyboard; sourceTree = "<group>"; };
		FAD8FA202799B33000402393 /* Info.plist */ = {isa = PBXFileReference; lastKnownFileType = text.plist.xml; path = Info.plist; sourceTree = "<group>"; };
		FADF61EF27AA77D1006529B9 /* WeatherViewController.swift */ = {isa = PBXFileReference; lastKnownFileType = sourcecode.swift; path = WeatherViewController.swift; sourceTree = "<group>"; };
		FADF61F827AA8059006529B9 /* CollectionViewCell.swift */ = {isa = PBXFileReference; lastKnownFileType = sourcecode.swift; path = CollectionViewCell.swift; sourceTree = "<group>"; };
		FADF61F927AA8059006529B9 /* CollectionViewCell.xib */ = {isa = PBXFileReference; lastKnownFileType = file.xib; path = CollectionViewCell.xib; sourceTree = "<group>"; };
		FADF61FC27AA8071006529B9 /* TableViewCell.swift */ = {isa = PBXFileReference; lastKnownFileType = sourcecode.swift; path = TableViewCell.swift; sourceTree = "<group>"; };
		FADF61FD27AA8071006529B9 /* TableViewCell.xib */ = {isa = PBXFileReference; lastKnownFileType = file.xib; path = TableViewCell.xib; sourceTree = "<group>"; };
		FADF622C27AABA8A006529B9 /* WeatherData.swift */ = {isa = PBXFileReference; lastKnownFileType = sourcecode.swift; path = WeatherData.swift; sourceTree = "<group>"; };
		FADF622E27AABAB9006529B9 /* WeatherModel.swift */ = {isa = PBXFileReference; lastKnownFileType = sourcecode.swift; path = WeatherModel.swift; sourceTree = "<group>"; };
		FADF623027AABE9E006529B9 /* WeatherInteractor.swift */ = {isa = PBXFileReference; lastKnownFileType = sourcecode.swift; path = WeatherInteractor.swift; sourceTree = "<group>"; };
		FADF623227AABEF1006529B9 /* WeatherPresenter.swift */ = {isa = PBXFileReference; lastKnownFileType = sourcecode.swift; path = WeatherPresenter.swift; sourceTree = "<group>"; };
		FADF623427AABFA1006529B9 /* WeatherRouter.swift */ = {isa = PBXFileReference; lastKnownFileType = sourcecode.swift; path = WeatherRouter.swift; sourceTree = "<group>"; };
/* End PBXFileReference section */

/* Begin PBXFrameworksBuildPhase section */
		FAD8FA0C2799B32B00402393 /* Frameworks */ = {
			isa = PBXFrameworksBuildPhase;
			buildActionMask = 2147483647;
			files = (
			);
			runOnlyForDeploymentPostprocessing = 0;
		};
/* End PBXFrameworksBuildPhase section */

/* Begin PBXGroup section */
		FAD8FA062799B32B00402393 = {
			isa = PBXGroup;
			children = (
				FAD8FA112799B32B00402393 /* Clima-Viper */,
				FAD8FA102799B32B00402393 /* Products */,
			);
			sourceTree = "<group>";
		};
		FAD8FA102799B32B00402393 /* Products */ = {
			isa = PBXGroup;
			children = (
				FAD8FA0F2799B32B00402393 /* Clima-Viper.app */,
			);
			name = Products;
			sourceTree = "<group>";
		};
		FAD8FA112799B32B00402393 /* Clima-Viper */ = {
			isa = PBXGroup;
			children = (
				FAD8FA2E2799B8FB00402393 /* Other */,
				FADF620027AA8B12006529B9 /* Storyboard */,
				FAD8FA2F2799B98000402393 /* AppSceneDelegate */,
				FAD8FA262799B8AD00402393 /* MainModule */,
			);
			path = "Clima-Viper";
			sourceTree = "<group>";
		};
		FAD8FA262799B8AD00402393 /* MainModule */ = {
			isa = PBXGroup;
			children = (
				FAD8FA272799B8B300402393 /* View */,
				FAD8FA292799B8C500402393 /* Interactor */,
				FAD8FA2A2799B8D600402393 /* Presenter */,
				FAD8FA2B2799B8E000402393 /* Entity */,
				FAD8FA2C2799B8EE00402393 /* Router */,
			);
			path = MainModule;
			sourceTree = "<group>";
		};
		FAD8FA272799B8B300402393 /* View */ = {
			isa = PBXGroup;
			children = (
				FADF61F727AA802E006529B9 /* TableViewCell */,
				FADF61F627AA8022006529B9 /* CollectionViewCell */,
				FADF61F527AA8010006529B9 /* Controller */,
			);
			path = View;
			sourceTree = "<group>";
		};
		FAD8FA292799B8C500402393 /* Interactor */ = {
			isa = PBXGroup;
			children = (
				FADF623027AABE9E006529B9 /* WeatherInteractor.swift */,
			);
			path = Interactor;
			sourceTree = "<group>";
		};
		FAD8FA2A2799B8D600402393 /* Presenter */ = {
			isa = PBXGroup;
			children = (
				FADF623227AABEF1006529B9 /* WeatherPresenter.swift */,
			);
			path = Presenter;
			sourceTree = "<group>";
		};
		FAD8FA2B2799B8E000402393 /* Entity */ = {
			isa = PBXGroup;
			children = (
				FADF622C27AABA8A006529B9 /* WeatherData.swift */,
				FADF622E27AABAB9006529B9 /* WeatherModel.swift */,
			);
			path = Entity;
			sourceTree = "<group>";
		};
		FAD8FA2C2799B8EE00402393 /* Router */ = {
			isa = PBXGroup;
			children = (
				FADF623427AABFA1006529B9 /* WeatherRouter.swift */,
			);
			path = Router;
			sourceTree = "<group>";
		};
		FAD8FA2E2799B8FB00402393 /* Other */ = {
			isa = PBXGroup;
			children = (
				FAD8FA202799B33000402393 /* Info.plist */,
				FAD8FA1B2799B33000402393 /* Assets.xcassets */,
				FAD8FA1D2799B33000402393 /* LaunchScreen.storyboard */,
			);
			path = Other;
			sourceTree = "<group>";
		};
		FAD8FA2F2799B98000402393 /* AppSceneDelegate */ = {
			isa = PBXGroup;
			children = (
				FAD8FA142799B32B00402393 /* SceneDelegate.swift */,
				FAD8FA122799B32B00402393 /* AppDelegate.swift */,
			);
			path = AppSceneDelegate;
			sourceTree = "<group>";
		};
		FADF61F527AA8010006529B9 /* Controller */ = {
			isa = PBXGroup;
			children = (
				FADF61EF27AA77D1006529B9 /* WeatherViewController.swift */,
			);
			path = Controller;
			sourceTree = "<group>";
		};
		FADF61F627AA8022006529B9 /* CollectionViewCell */ = {
			isa = PBXGroup;
			children = (
				FADF61F827AA8059006529B9 /* CollectionViewCell.swift */,
				FADF61F927AA8059006529B9 /* CollectionViewCell.xib */,
			);
			path = CollectionViewCell;
			sourceTree = "<group>";
		};
		FADF61F727AA802E006529B9 /* TableViewCell */ = {
			isa = PBXGroup;
			children = (
				FADF61FC27AA8071006529B9 /* TableViewCell.swift */,
				FADF61FD27AA8071006529B9 /* TableViewCell.xib */,
			);
			path = TableViewCell;
			sourceTree = "<group>";
		};
		FADF620027AA8B12006529B9 /* Storyboard */ = {
			isa = PBXGroup;
			children = (
				FAD8FA182799B32B00402393 /* Main.storyboard */,
			);
			path = Storyboard;
			sourceTree = "<group>";
		};
/* End PBXGroup section */

/* Begin PBXNativeTarget section */
		FAD8FA0E2799B32B00402393 /* Clima-Viper */ = {
			isa = PBXNativeTarget;
			buildConfigurationList = FAD8FA232799B33000402393 /* Build configuration list for PBXNativeTarget "Clima-Viper" */;
			buildPhases = (
				FAD8FA0B2799B32B00402393 /* Sources */,
				FAD8FA0C2799B32B00402393 /* Frameworks */,
				FAD8FA0D2799B32B00402393 /* Resources */,
			);
			buildRules = (
			);
			dependencies = (
			);
			name = "Clima-Viper";
			productName = "Clima-Viper";
			productReference = FAD8FA0F2799B32B00402393 /* Clima-Viper.app */;
			productType = "com.apple.product-type.application";
		};
/* End PBXNativeTarget section */

/* Begin PBXProject section */
		FAD8FA072799B32B00402393 /* Project object */ = {
			isa = PBXProject;
			attributes = {
				LastSwiftUpdateCheck = 1250;
				LastUpgradeCheck = 1250;
				TargetAttributes = {
					FAD8FA0E2799B32B00402393 = {
						CreatedOnToolsVersion = 12.5.1;
					};
				};
			};
			buildConfigurationList = FAD8FA0A2799B32B00402393 /* Build configuration list for PBXProject "Clima-Viper" */;
			compatibilityVersion = "Xcode 9.3";
			developmentRegion = en;
			hasScannedForEncodings = 0;
			knownRegions = (
				en,
				Base,
			);
			mainGroup = FAD8FA062799B32B00402393;
			productRefGroup = FAD8FA102799B32B00402393 /* Products */;
			projectDirPath = "";
			projectRoot = "";
			targets = (
				FAD8FA0E2799B32B00402393 /* Clima-Viper */,
			);
		};
/* End PBXProject section */

/* Begin PBXResourcesBuildPhase section */
		FAD8FA0D2799B32B00402393 /* Resources */ = {
			isa = PBXResourcesBuildPhase;
			buildActionMask = 2147483647;
			files = (
				FAD8FA1F2799B33000402393 /* LaunchScreen.storyboard in Resources */,
				FADF61FF27AA8071006529B9 /* TableViewCell.xib in Resources */,
				FAD8FA1C2799B33000402393 /* Assets.xcassets in Resources */,
				FADF61FB27AA8059006529B9 /* CollectionViewCell.xib in Resources */,
				FAD8FA1A2799B32B00402393 /* Main.storyboard in Resources */,
			);
			runOnlyForDeploymentPostprocessing = 0;
		};
/* End PBXResourcesBuildPhase section */

/* Begin PBXSourcesBuildPhase section */
		FAD8FA0B2799B32B00402393 /* Sources */ = {
			isa = PBXSourcesBuildPhase;
			buildActionMask = 2147483647;
			files = (
				FADF61FE27AA8071006529B9 /* TableViewCell.swift in Sources */,
				FADF623527AABFA1006529B9 /* WeatherRouter.swift in Sources */,
				FADF623327AABEF1006529B9 /* WeatherPresenter.swift in Sources */,
				FAD8FA132799B32B00402393 /* AppDelegate.swift in Sources */,
				FADF61F027AA77D1006529B9 /* WeatherViewController.swift in Sources */,
				FADF622F27AABAB9006529B9 /* WeatherModel.swift in Sources */,
				FADF61FA27AA8059006529B9 /* CollectionViewCell.swift in Sources */,
				FAD8FA152799B32B00402393 /* SceneDelegate.swift in Sources */,
				FADF623127AABE9E006529B9 /* WeatherInteractor.swift in Sources */,
				FADF622D27AABA8A006529B9 /* WeatherData.swift in Sources */,
			);
			runOnlyForDeploymentPostprocessing = 0;
		};
/* End PBXSourcesBuildPhase section */

/* Begin PBXVariantGroup section */
		FAD8FA182799B32B00402393 /* Main.storyboard */ = {
			isa = PBXVariantGroup;
			children = (
				FAD8FA192799B32B00402393 /* Base */,
			);
			name = Main.storyboard;
			sourceTree = "<group>";
		};
		FAD8FA1D2799B33000402393 /* LaunchScreen.storyboard */ = {
			isa = PBXVariantGroup;
			children = (
				FAD8FA1E2799B33000402393 /* Base */,
			);
			name = LaunchScreen.storyboard;
			sourceTree = "<group>";
		};
/* End PBXVariantGroup section */

/* Begin XCBuildConfiguration section */
		FAD8FA212799B33000402393 /* Debug */ = {
			isa = XCBuildConfiguration;
			buildSettings = {
				ALWAYS_SEARCH_USER_PATHS = NO;
				CLANG_ANALYZER_NONNULL = YES;
				CLANG_ANALYZER_NUMBER_OBJECT_CONVERSION = YES_AGGRESSIVE;
				CLANG_CXX_LANGUAGE_STANDARD = "gnu++14";
				CLANG_CXX_LIBRARY = "libc++";
				CLANG_ENABLE_MODULES = YES;
				CLANG_ENABLE_OBJC_ARC = YES;
				CLANG_ENABLE_OBJC_WEAK = YES;
				CLANG_WARN_BLOCK_CAPTURE_AUTORELEASING = YES;
				CLANG_WARN_BOOL_CONVERSION = YES;
				CLANG_WARN_COMMA = YES;
				CLANG_WARN_CONSTANT_CONVERSION = YES;
				CLANG_WARN_DEPRECATED_OBJC_IMPLEMENTATIONS = YES;
				CLANG_WARN_DIRECT_OBJC_ISA_USAGE = YES_ERROR;
				CLANG_WARN_DOCUMENTATION_COMMENTS = YES;
				CLANG_WARN_EMPTY_BODY = YES;
				CLANG_WARN_ENUM_CONVERSION = YES;
				CLANG_WARN_INFINITE_RECURSION = YES;
				CLANG_WARN_INT_CONVERSION = YES;
				CLANG_WARN_NON_LITERAL_NULL_CONVERSION = YES;
				CLANG_WARN_OBJC_IMPLICIT_RETAIN_SELF = YES;
				CLANG_WARN_OBJC_LITERAL_CONVERSION = YES;
				CLANG_WARN_OBJC_ROOT_CLASS = YES_ERROR;
				CLANG_WARN_QUOTED_INCLUDE_IN_FRAMEWORK_HEADER = YES;
				CLANG_WARN_RANGE_LOOP_ANALYSIS = YES;
				CLANG_WARN_STRICT_PROTOTYPES = YES;
				CLANG_WARN_SUSPICIOUS_MOVE = YES;
				CLANG_WARN_UNGUARDED_AVAILABILITY = YES_AGGRESSIVE;
				CLANG_WARN_UNREACHABLE_CODE = YES;
				CLANG_WARN__DUPLICATE_METHOD_MATCH = YES;
				COPY_PHASE_STRIP = NO;
				DEBUG_INFORMATION_FORMAT = dwarf;
				ENABLE_STRICT_OBJC_MSGSEND = YES;
				ENABLE_TESTABILITY = YES;
				GCC_C_LANGUAGE_STANDARD = gnu11;
				GCC_DYNAMIC_NO_PIC = NO;
				GCC_NO_COMMON_BLOCKS = YES;
				GCC_OPTIMIZATION_LEVEL = 0;
				GCC_PREPROCESSOR_DEFINITIONS = (
					"DEBUG=1",
					"$(inherited)",
				);
				GCC_WARN_64_TO_32_BIT_CONVERSION = YES;
				GCC_WARN_ABOUT_RETURN_TYPE = YES_ERROR;
				GCC_WARN_UNDECLARED_SELECTOR = YES;
				GCC_WARN_UNINITIALIZED_AUTOS = YES_AGGRESSIVE;
				GCC_WARN_UNUSED_FUNCTION = YES;
				GCC_WARN_UNUSED_VARIABLE = YES;
				IPHONEOS_DEPLOYMENT_TARGET = 14.5;
				MTL_ENABLE_DEBUG_INFO = INCLUDE_SOURCE;
				MTL_FAST_MATH = YES;
				ONLY_ACTIVE_ARCH = YES;
				SDKROOT = iphoneos;
				SWIFT_ACTIVE_COMPILATION_CONDITIONS = DEBUG;
				SWIFT_OPTIMIZATION_LEVEL = "-Onone";
			};
			name = Debug;
		};
		FAD8FA222799B33000402393 /* Release */ = {
			isa = XCBuildConfiguration;
			buildSettings = {
				ALWAYS_SEARCH_USER_PATHS = NO;
				CLANG_ANALYZER_NONNULL = YES;
				CLANG_ANALYZER_NUMBER_OBJECT_CONVERSION = YES_AGGRESSIVE;
				CLANG_CXX_LANGUAGE_STANDARD = "gnu++14";
				CLANG_CXX_LIBRARY = "libc++";
				CLANG_ENABLE_MODULES = YES;
				CLANG_ENABLE_OBJC_ARC = YES;
				CLANG_ENABLE_OBJC_WEAK = YES;
				CLANG_WARN_BLOCK_CAPTURE_AUTORELEASING = YES;
				CLANG_WARN_BOOL_CONVERSION = YES;
				CLANG_WARN_COMMA = YES;
				CLANG_WARN_CONSTANT_CONVERSION = YES;
				CLANG_WARN_DEPRECATED_OBJC_IMPLEMENTATIONS = YES;
				CLANG_WARN_DIRECT_OBJC_ISA_USAGE = YES_ERROR;
				CLANG_WARN_DOCUMENTATION_COMMENTS = YES;
				CLANG_WARN_EMPTY_BODY = YES;
				CLANG_WARN_ENUM_CONVERSION = YES;
				CLANG_WARN_INFINITE_RECURSION = YES;
				CLANG_WARN_INT_CONVERSION = YES;
				CLANG_WARN_NON_LITERAL_NULL_CONVERSION = YES;
				CLANG_WARN_OBJC_IMPLICIT_RETAIN_SELF = YES;
				CLANG_WARN_OBJC_LITERAL_CONVERSION = YES;
				CLANG_WARN_OBJC_ROOT_CLASS = YES_ERROR;
				CLANG_WARN_QUOTED_INCLUDE_IN_FRAMEWORK_HEADER = YES;
				CLANG_WARN_RANGE_LOOP_ANALYSIS = YES;
				CLANG_WARN_STRICT_PROTOTYPES = YES;
				CLANG_WARN_SUSPICIOUS_MOVE = YES;
				CLANG_WARN_UNGUARDED_AVAILABILITY = YES_AGGRESSIVE;
				CLANG_WARN_UNREACHABLE_CODE = YES;
				CLANG_WARN__DUPLICATE_METHOD_MATCH = YES;
				COPY_PHASE_STRIP = NO;
				DEBUG_INFORMATION_FORMAT = "dwarf-with-dsym";
				ENABLE_NS_ASSERTIONS = NO;
				ENABLE_STRICT_OBJC_MSGSEND = YES;
				GCC_C_LANGUAGE_STANDARD = gnu11;
				GCC_NO_COMMON_BLOCKS = YES;
				GCC_WARN_64_TO_32_BIT_CONVERSION = YES;
				GCC_WARN_ABOUT_RETURN_TYPE = YES_ERROR;
				GCC_WARN_UNDECLARED_SELECTOR = YES;
				GCC_WARN_UNINITIALIZED_AUTOS = YES_AGGRESSIVE;
				GCC_WARN_UNUSED_FUNCTION = YES;
				GCC_WARN_UNUSED_VARIABLE = YES;
				IPHONEOS_DEPLOYMENT_TARGET = 14.5;
				MTL_ENABLE_DEBUG_INFO = NO;
				MTL_FAST_MATH = YES;
				SDKROOT = iphoneos;
				SWIFT_COMPILATION_MODE = wholemodule;
				SWIFT_OPTIMIZATION_LEVEL = "-O";
				VALIDATE_PRODUCT = YES;
			};
			name = Release;
		};
		FAD8FA242799B33000402393 /* Debug */ = {
			isa = XCBuildConfiguration;
			buildSettings = {
				ASSETCATALOG_COMPILER_APPICON_NAME = AppIcon;
				ASSETCATALOG_COMPILER_GLOBAL_ACCENT_COLOR_NAME = AccentColor;
				CODE_SIGN_STYLE = Automatic;
				DEVELOPMENT_TEAM = 3ZD26S5Y8Y;
				INFOPLIST_FILE = "Clima-Viper/Other/info.plist";
				"INFOPLIST_FILE[sdk=*]" = "Clima-Viper/Other/info.plist";
				LD_RUNPATH_SEARCH_PATHS = (
					"$(inherited)",
					"@executable_path/Frameworks",
				);
				PRODUCT_BUNDLE_IDENTIFIER = "com.nyit.Clima-Viper";
				PRODUCT_NAME = "$(TARGET_NAME)";
				SWIFT_VERSION = 5.0;
				TARGETED_DEVICE_FAMILY = "1,2";
			};
			name = Debug;
		};
		FAD8FA252799B33000402393 /* Release */ = {
			isa = XCBuildConfiguration;
			buildSettings = {
				ASSETCATALOG_COMPILER_APPICON_NAME = AppIcon;
				ASSETCATALOG_COMPILER_GLOBAL_ACCENT_COLOR_NAME = AccentColor;
				CODE_SIGN_STYLE = Automatic;
				DEVELOPMENT_TEAM = 3ZD26S5Y8Y;
				INFOPLIST_FILE = "Clima-Viper/Other/info.plist";
				"INFOPLIST_FILE[sdk=*]" = "Clima-Viper/Other/info.plist";
				LD_RUNPATH_SEARCH_PATHS = (
					"$(inherited)",
					"@executable_path/Frameworks",
				);
				PRODUCT_BUNDLE_IDENTIFIER = "com.nyit.Clima-Viper";
				PRODUCT_NAME = "$(TARGET_NAME)";
				SWIFT_VERSION = 5.0;
				TARGETED_DEVICE_FAMILY = "1,2";
			};
			name = Release;
		};
/* End XCBuildConfiguration section */

/* Begin XCConfigurationList section */
		FAD8FA0A2799B32B00402393 /* Build configuration list for PBXProject "Clima-Viper" */ = {
			isa = XCConfigurationList;
			buildConfigurations = (
				FAD8FA212799B33000402393 /* Debug */,
				FAD8FA222799B33000402393 /* Release */,
			);
			defaultConfigurationIsVisible = 0;
			defaultConfigurationName = Release;
		};
		FAD8FA232799B33000402393 /* Build configuration list for PBXNativeTarget "Clima-Viper" */ = {
			isa = XCConfigurationList;
			buildConfigurations = (
				FAD8FA242799B33000402393 /* Debug */,
				FAD8FA252799B33000402393 /* Release */,
			);
			defaultConfigurationIsVisible = 0;
			defaultConfigurationName = Release;
		};
/* End XCConfigurationList section */
	};
	rootObject = FAD8FA072799B32B00402393 /* Project object */;
}
